
Microsoft Visual Studio Solution File, Format Version 12.00
# Visual Studio 2013
VisualStudioVersion = 12.0.30110.0
MinimumVisualStudioVersion = 10.0.40219.1
Project("{FAE04EC0-301F-11D3-BF4B-00C04F79EFBC}") = "CrystallBallGame", "CrystallBallGame\CrystallBallGame.csproj", "{8BF3AF7A-BF01-4251-8614-A3500AD21267}"
EndProject
Project("{FAE04EC0-301F-11D3-BF4B-00C04F79EFBC}") = "ConsoleTester", "ConsoleTester\ConsoleTester.csproj", "{6C4D86DA-E1D4-4580-AE3D-1AD4D4C00EBB}"
EndProject
Global
	GlobalSection(SolutionConfigurationPlatforms) = preSolution
		Debug|Any CPU = Debug|Any CPU
		Release|Any CPU = Release|Any CPU
	EndGlobalSection
	GlobalSection(ProjectConfigurationPlatforms) = postSolution
		{8BF3AF7A-BF01-4251-8614-A3500AD21267}.Debug|Any CPU.ActiveCfg = Debug|Any CPU
		{8BF3AF7A-BF01-4251-8614-A3500AD21267}.Debug|Any CPU.Build.0 = Debug|Any CPU
		{8BF3AF7A-BF01-4251-8614-A3500AD21267}.Release|Any CPU.ActiveCfg = Release|Any CPU
		{8BF3AF7A-BF01-4251-8614-A3500AD21267}.Release|Any CPU.Build.0 = Release|Any CPU
		{6C4D86DA-E1D4-4580-AE3D-1AD4D4C00EBB}.Debug|Any CPU.ActiveCfg = Debug|Any CPU
		{6C4D86DA-E1D4-4580-AE3D-1AD4D4C00EBB}.Debug|Any CPU.Build.0 = Debug|Any CPU
		{6C4D86DA-E1D4-4580-AE3D-1AD4D4C00EBB}.Release|Any CPU.ActiveCfg = Release|Any CPU
		{6C4D86DA-E1D4-4580-AE3D-1AD4D4C00EBB}.Release|Any CPU.Build.0 = Release|Any CPU
	EndGlobalSection
	GlobalSection(SolutionProperties) = preSolution
		HideSolutionNode = FALSE
	EndGlobalSection
EndGlobal
